PODS:
  - ReactorKit (1.1.0):
    - RxSwift (>= 4.0.0)
  - RxCocoa (4.2.0):
    - RxSwift (~> 4.0)
  - RxSwift (4.2.0)
  - RxSwiftExt (3.2.0):
    - RxSwiftExt/Core (= 3.2.0)
  - RxSwiftExt/Core (3.2.0):
    - RxSwift (~> 4.0)
  - SnapKit (4.0.0)

DEPENDENCIES:
  - ReactorKit
  - RxCocoa
  - RxSwift
  - RxSwiftExt
  - SnapKit

SPEC REPOS:
  https://github.com/cocoapods/specs.git:
    - ReactorKit
    - RxCocoa
    - RxSwift
    - RxSwiftExt
    - SnapKit

SPEC CHECKSUMS:
  ReactorKit: 26470a9eff5094fae909a30af0be7cd0cf8a182d
  RxCocoa: 0b54909c902e1e581212a03e690bbd94032d8baa
  RxSwift: 99e10317ddfcc7fbe01356aafd118fde4a0be104
  RxSwiftExt: 64b7140124629a6a084159735f3714f0fb1c61d6
  SnapKit: a42d492c16e80209130a3379f73596c3454b7694

PODFILE CHECKSUM: 271e5252b6924b45298aed14d03e597077d3ff79

COCOAPODS: 1.5.3
